// !$*UTF8*$!
{
	archiveVersion = 1;
	classes = {
	};
	objectVersion = 55;
	objects = {

/* Begin PBXBuildFile section */
		AC80129C2849D1800057DA07 /* DataModels.swift in Sources */ = {isa = PBXBuildFile; fileRef = AC80129B2849D1800057DA07 /* DataModels.swift */; };
		AC80129E2849DA6B0057DA07 /* DataSource.swift in Sources */ = {isa = PBXBuildFile; fileRef = AC80129D2849DA6B0057DA07 /* DataSource.swift */; };
		ACDDF4DF283619CC00D8B2F0 /* AppDelegate.swift in Sources */ = {isa = PBXBuildFile; fileRef = ACDDF4DE283619CC00D8B2F0 /* AppDelegate.swift */; };
		ACDDF4E1283619CC00D8B2F0 /* SceneDelegate.swift in Sources */ = {isa = PBXBuildFile; fileRef = ACDDF4E0283619CC00D8B2F0 /* SceneDelegate.swift */; };
		ACDDF4E3283619CC00D8B2F0 /* ViewController.swift in Sources */ = {isa = PBXBuildFile; fileRef = ACDDF4E2283619CC00D8B2F0 /* ViewController.swift */; };
		ACDDF4E6283619CC00D8B2F0 /* Main.storyboard in Resources */ = {isa = PBXBuildFile; fileRef = ACDDF4E4283619CC00D8B2F0 /* Main.storyboard */; };
		ACDDF4E8283619CD00D8B2F0 /* Assets.xcassets in Resources */ = {isa = PBXBuildFile; fileRef = ACDDF4E7283619CD00D8B2F0 /* Assets.xcassets */; };
		ACDDF4EB283619CD00D8B2F0 /* LaunchScreen.storyboard in Resources */ = {isa = PBXBuildFile; fileRef = ACDDF4E9283619CD00D8B2F0 /* LaunchScreen.storyboard */; };
		ACDDF4F6283619CE00D8B2F0 /* WeatherTests.swift in Sources */ = {isa = PBXBuildFile; fileRef = ACDDF4F5283619CE00D8B2F0 /* WeatherTests.swift */; };
		ACDDF500283619CE00D8B2F0 /* WeatherUITests.swift in Sources */ = {isa = PBXBuildFile; fileRef = ACDDF4FF283619CE00D8B2F0 /* WeatherUITests.swift */; };
		ACDDF502283619CE00D8B2F0 /* WeatherUITestsLaunchTests.swift in Sources */ = {isa = PBXBuildFile; fileRef = ACDDF501283619CE00D8B2F0 /* WeatherUITestsLaunchTests.swift */; };
/* End PBXBuildFile section */

/* Begin PBXContainerItemProxy section */
		ACDDF4F2283619CE00D8B2F0 /* PBXContainerItemProxy */ = {
			isa = PBXContainerItemProxy;
			containerPortal = ACDDF4D3283619CC00D8B2F0 /* Project object */;
			proxyType = 1;
			remoteGlobalIDString = ACDDF4DA283619CC00D8B2F0;
			remoteInfo = Weather;
		};
		ACDDF4FC283619CE00D8B2F0 /* PBXContainerItemProxy */ = {
			isa = PBXContainerItemProxy;
			containerPortal = ACDDF4D3283619CC00D8B2F0 /* Project object */;
			proxyType = 1;
			remoteGlobalIDString = ACDDF4DA283619CC00D8B2F0;
			remoteInfo = Weather;
		};
/* End PBXContainerItemProxy section */

/* Begin PBXFileReference section */
		AC80129B2849D1800057DA07 /* DataModels.swift */ = {isa = PBXFileReference; lastKnownFileType = sourcecode.swift; path = DataModels.swift; sourceTree = "<group>"; };
		AC80129D2849DA6B0057DA07 /* DataSource.swift */ = {isa = PBXFileReference; fileEncoding = 4; lastKnownFileType = sourcecode.swift; name = DataSource.swift; path = ../../../Downloads/Resources/DataSource.swift; sourceTree = "<group>"; };
		ACDDF4DB283619CC00D8B2F0 /* Weather.app */ = {isa = PBXFileReference; explicitFileType = wrapper.application; includeInIndex = 0; path = Weather.app; sourceTree = BUILT_PRODUCTS_DIR; };
		ACDDF4DE283619CC00D8B2F0 /* AppDelegate.swift */ = {isa = PBXFileReference; lastKnownFileType = sourcecode.swift; path = AppDelegate.swift; sourceTree = "<group>"; };
		ACDDF4E0283619CC00D8B2F0 /* SceneDelegate.swift */ = {isa = PBXFileReference; lastKnownFileType = sourcecode.swift; path = SceneDelegate.swift; sourceTree = "<group>"; };
		ACDDF4E2283619CC00D8B2F0 /* ViewController.swift */ = {isa = PBXFileReference; lastKnownFileType = sourcecode.swift; path = ViewController.swift; sourceTree = "<group>"; };
		ACDDF4E5283619CC00D8B2F0 /* Base */ = {isa = PBXFileReference; lastKnownFileType = file.storyboard; name = Base; path = Base.lproj/Main.storyboard; sourceTree = "<group>"; };
		ACDDF4E7283619CD00D8B2F0 /* Assets.xcassets */ = {isa = PBXFileReference; lastKnownFileType = folder.assetcatalog; path = Assets.xcassets; sourceTree = "<group>"; };
		ACDDF4EA283619CD00D8B2F0 /* Base */ = {isa = PBXFileReference; lastKnownFileType = file.storyboard; name = Base; path = Base.lproj/LaunchScreen.storyboard; sourceTree = "<group>"; };
		ACDDF4EC283619CD00D8B2F0 /* Info.plist */ = {isa = PBXFileReference; lastKnownFileType = text.plist.xml; path = Info.plist; sourceTree = "<group>"; };
		ACDDF4F1283619CE00D8B2F0 /* WeatherTests.xctest */ = {isa = PBXFileReference; explicitFileType = wrapper.cfbundle; includeInIndex = 0; path = WeatherTests.xctest; sourceTree = BUILT_PRODUCTS_DIR; };
		ACDDF4F5283619CE00D8B2F0 /* WeatherTests.swift */ = {isa = PBXFileReference; lastKnownFileType = sourcecode.swift; path = WeatherTests.swift; sourceTree = "<group>"; };
		ACDDF4FB283619CE00D8B2F0 /* WeatherUITests.xctest */ = {isa = PBXFileReference; explicitFileType = wrapper.cfbundle; includeInIndex = 0; path = WeatherUITests.xctest; sourceTree = BUILT_PRODUCTS_DIR; };
		ACDDF4FF283619CE00D8B2F0 /* WeatherUITests.swift */ = {isa = PBXFileReference; lastKnownFileType = sourcecode.swift; path = WeatherUITests.swift; sourceTree = "<group>"; };
		ACDDF501283619CE00D8B2F0 /* WeatherUITestsLaunchTests.swift */ = {isa = PBXFileReference; lastKnownFileType = sourcecode.swift; path = WeatherUITestsLaunchTests.swift; sourceTree = "<group>"; };
/* End PBXFileReference section */

/* Begin PBXFrameworksBuildPhase section */
		ACDDF4D8283619CC00D8B2F0 /* Frameworks */ = {
			isa = PBXFrameworksBuildPhase;
			buildActionMask = 2147483647;
			files = (
			);
			runOnlyForDeploymentPostprocessing = 0;
		};
		ACDDF4EE283619CE00D8B2F0 /* Frameworks */ = {
			isa = PBXFrameworksBuildPhase;
			buildActionMask = 2147483647;
			files = (
			);
			runOnlyForDeploymentPostprocessing = 0;
		};
		ACDDF4F8283619CE00D8B2F0 /* Frameworks */ = {
			isa = PBXFrameworksBuildPhase;
			buildActionMask = 2147483647;
			files = (
			);
			runOnlyForDeploymentPostprocessing = 0;
		};
/* End PBXFrameworksBuildPhase section */

/* Begin PBXGroup section */
		ACDDF4D2283619CC00D8B2F0 = {
			isa = PBXGroup;
			children = (
				ACDDF4DD283619CC00D8B2F0 /* Weather */,
				ACDDF4F4283619CE00D8B2F0 /* WeatherTests */,
				ACDDF4FE283619CE00D8B2F0 /* WeatherUITests */,
				ACDDF4DC283619CC00D8B2F0 /* Products */,
			);
			sourceTree = "<group>";
		};
		ACDDF4DC283619CC00D8B2F0 /* Products */ = {
			isa = PBXGroup;
			children = (
				ACDDF4DB283619CC00D8B2F0 /* Weather.app */,
				ACDDF4F1283619CE00D8B2F0 /* WeatherTests.xctest */,
				ACDDF4FB283619CE00D8B2F0 /* WeatherUITests.xctest */,
			);
			name = Products;
			sourceTree = "<group>";
		};
		ACDDF4DD283619CC00D8B2F0 /* Weather */ = {
			isa = PBXGroup;
			children = (
				ACDDF4DE283619CC00D8B2F0 /* AppDelegate.swift */,
				ACDDF4E0283619CC00D8B2F0 /* SceneDelegate.swift */,
				ACDDF4E2283619CC00D8B2F0 /* ViewController.swift */,
				AC80129B2849D1800057DA07 /* DataModels.swift */,
				AC80129D2849DA6B0057DA07 /* DataSource.swift */,
				ACDDF4E4283619CC00D8B2F0 /* Main.storyboard */,
				ACDDF4E7283619CD00D8B2F0 /* Assets.xcassets */,
				ACDDF4E9283619CD00D8B2F0 /* LaunchScreen.storyboard */,
				ACDDF4EC283619CD00D8B2F0 /* Info.plist */,
			);
			path = Weather;
			sourceTree = "<group>";
		};
		ACDDF4F4283619CE00D8B2F0 /* WeatherTests */ = {
			isa = PBXGroup;
			children = (
				ACDDF4F5283619CE00D8B2F0 /* WeatherTests.swift */,
			);
			path = WeatherTests;
			sourceTree = "<group>";
		};
		ACDDF4FE283619CE00D8B2F0 /* WeatherUITests */ = {
			isa = PBXGroup;
			children = (
				ACDDF4FF283619CE00D8B2F0 /* WeatherUITests.swift */,
				ACDDF501283619CE00D8B2F0 /* WeatherUITestsLaunchTests.swift */,
			);
			path = WeatherUITests;
			sourceTree = "<group>";
		};
/* End PBXGroup section */

/* Begin PBXNativeTarget section */
		ACDDF4DA283619CC00D8B2F0 /* Weather */ = {
			isa = PBXNativeTarget;
			buildConfigurationList = ACDDF505283619CE00D8B2F0 /* Build configuration list for PBXNativeTarget "Weather" */;
			buildPhases = (
				ACDDF4D7283619CC00D8B2F0 /* Sources */,
				ACDDF4D8283619CC00D8B2F0 /* Frameworks */,
				ACDDF4D9283619CC00D8B2F0 /* Resources */,
			);
			buildRules = (
			);
			dependencies = (
			);
			name = Weather;
			productName = Weather;
			productReference = ACDDF4DB283619CC00D8B2F0 /* Weather.app */;
			productType = "com.apple.product-type.application";
		};
		ACDDF4F0283619CE00D8B2F0 /* WeatherTests */ = {
			isa = PBXNativeTarget;
			buildConfigurationList = ACDDF508283619CE00D8B2F0 /* Build configuration list for PBXNativeTarget "WeatherTests" */;
			buildPhases = (
				ACDDF4ED283619CE00D8B2F0 /* Sources */,
				ACDDF4EE283619CE00D8B2F0 /* Frameworks */,
				ACDDF4EF283619CE00D8B2F0 /* Resources */,
			);
			buildRules = (
			);
			dependencies = (
				ACDDF4F3283619CE00D8B2F0 /* PBXTargetDependency */,
			);
			name = WeatherTests;
			productName = WeatherTests;
			productReference = ACDDF4F1283619CE00D8B2F0 /* WeatherTests.xctest */;
			productType = "com.apple.product-type.bundle.unit-test";
		};
		ACDDF4FA283619CE00D8B2F0 /* WeatherUITests */ = {
			isa = PBXNativeTarget;
			buildConfigurationList = ACDDF50B283619CE00D8B2F0 /* Build configuration list for PBXNativeTarget "WeatherUITests" */;
			buildPhases = (
				ACDDF4F7283619CE00D8B2F0 /* Sources */,
				ACDDF4F8283619CE00D8B2F0 /* Frameworks */,
				ACDDF4F9283619CE00D8B2F0 /* Resources */,
			);
			buildRules = (
			);
			dependencies = (
				ACDDF4FD283619CE00D8B2F0 /* PBXTargetDependency */,
			);
			name = WeatherUITests;
			productName = WeatherUITests;
			productReference = ACDDF4FB283619CE00D8B2F0 /* WeatherUITests.xctest */;
			productType = "com.apple.product-type.bundle.ui-testing";
		};
/* End PBXNativeTarget section */

/* Begin PBXProject section */
		ACDDF4D3283619CC00D8B2F0 /* Project object */ = {
			isa = PBXProject;
			attributes = {
				BuildIndependentTargetsInParallel = 1;
				LastSwiftUpdateCheck = 1320;
				LastUpgradeCheck = 1320;
				TargetAttributes = {
					ACDDF4DA283619CC00D8B2F0 = {
						CreatedOnToolsVersion = 13.2.1;
					};
					ACDDF4F0283619CE00D8B2F0 = {
						CreatedOnToolsVersion = 13.2.1;
						TestTargetID = ACDDF4DA283619CC00D8B2F0;
					};
					ACDDF4FA283619CE00D8B2F0 = {
						CreatedOnToolsVersion = 13.2.1;
						TestTargetID = ACDDF4DA283619CC00D8B2F0;
					};
				};
			};
			buildConfigurationList = ACDDF4D6283619CC00D8B2F0 /* Build configuration list for PBXProject "Weather" */;
			compatibilityVersion = "Xcode 13.0";
			developmentRegion = en;
			hasScannedForEncodings = 0;
			knownRegions = (
				en,
				Base,
			);
			mainGroup = ACDDF4D2283619CC00D8B2F0;
			productRefGroup = ACDDF4DC283619CC00D8B2F0 /* Products */;
			projectDirPath = "";
			projectRoot = "";
			targets = (
				ACDDF4DA283619CC00D8B2F0 /* Weather */,
				ACDDF4F0283619CE00D8B2F0 /* WeatherTests */,
				ACDDF4FA283619CE00D8B2F0 /* WeatherUITests */,
			);
		};
/* End PBXProject section */

/* Begin PBXResourcesBuildPhase section */
		ACDDF4D9283619CC00D8B2F0 /* Resources */ = {
			isa = PBXResourcesBuildPhase;
			buildActionMask = 2147483647;
			files = (
				ACDDF4EB283619CD00D8B2F0 /* LaunchScreen.storyboard in Resources */,
				ACDDF4E8283619CD00D8B2F0 /* Assets.xcassets in Resources */,
				ACDDF4E6283619CC00D8B2F0 /* Main.storyboard in Resources */,
			);
			runOnlyForDeploymentPostprocessing = 0;
		};
		ACDDF4EF283619CE00D8B2F0 /* Resources */ = {
			isa = PBXResourcesBuildPhase;
			buildActionMask = 2147483647;
			files = (
			);
			runOnlyForDeploymentPostprocessing = 0;
		};
		ACDDF4F9283619CE00D8B2F0 /* Resources */ = {
			isa = PBXResourcesBuildPhase;
			buildActionMask = 2147483647;
			files = (
			);
			runOnlyForDeploymentPostprocessing = 0;
		};
/* End PBXResourcesBuildPhase section */

/* Begin PBXSourcesBuildPhase section */
		ACDDF4D7283619CC00D8B2F0 /* Sources */ = {
			isa = PBXSourcesBuildPhase;
			buildActionMask = 2147483647;
			files = (
				ACDDF4E3283619CC00D8B2F0 /* ViewController.swift in Sources */,
				AC80129C2849D1800057DA07 /* DataModels.swift in Sources */,
				ACDDF4DF283619CC00D8B2F0 /* AppDelegate.swift in Sources */,
				AC80129E2849DA6B0057DA07 /* DataSource.swift in Sources */,
				ACDDF4E1283619CC00D8B2F0 /* SceneDelegate.swift in Sources */,
			);
			runOnlyForDeploymentPostprocessing = 0;
		};
		ACDDF4ED283619CE00D8B2F0 /* Sources */ = {
			isa = PBXSourcesBuildPhase;
			buildActionMask = 2147483647;
			files = (
				ACDDF4F6283619CE00D8B2F0 /* WeatherTests.swift in Sources */,
			);
			runOnlyForDeploymentPostprocessing = 0;
		};
		ACDDF4F7283619CE00D8B2F0 /* Sources */ = {
			isa = PBXSourcesBuildPhase;
			buildActionMask = 2147483647;
			files = (
				ACDDF500283619CE00D8B2F0 /* WeatherUITests.swift in Sources */,
				ACDDF502283619CE00D8B2F0 /* WeatherUITestsLaunchTests.swift in Sources */,
			);
			runOnlyForDeploymentPostprocessing = 0;
		};
/* End PBXSourcesBuildPhase section */

/* Begin PBXTargetDependency section */
		ACDDF4F3283619CE00D8B2F0 /* PBXTargetDependency */ = {
			isa = PBXTargetDependency;
			target = ACDDF4DA283619CC00D8B2F0 /* Weather */;
			targetProxy = ACDDF4F2283619CE00D8B2F0 /* PBXContainerItemProxy */;
		};
		ACDDF4FD283619CE00D8B2F0 /* PBXTargetDependency */ = {
			isa = PBXTargetDependency;
			target = ACDDF4DA283619CC00D8B2F0 /* Weather */;
			targetProxy = ACDDF4FC283619CE00D8B2F0 /* PBXContainerItemProxy */;
		};
/* End PBXTargetDependency section */

/* Begin PBXVariantGroup section */
		ACDDF4E4283619CC00D8B2F0 /* Main.storyboard */ = {
			isa = PBXVariantGroup;
			children = (
				ACDDF4E5283619CC00D8B2F0 /* Base */,
			);
			name = Main.storyboard;
			sourceTree = "<group>";
		};
		ACDDF4E9283619CD00D8B2F0 /* LaunchScreen.storyboard */ = {
			isa = PBXVariantGroup;
			children = (
				ACDDF4EA283619CD00D8B2F0 /* Base */,
			);
			name = LaunchScreen.storyboard;
			sourceTree = "<group>";
		};
/* End PBXVariantGroup section */

/* Begin XCBuildConfiguration section */
		ACDDF503283619CE00D8B2F0 /* Debug */ = {
			isa = XCBuildConfiguration;
			buildSettings = {
				ALWAYS_SEARCH_USER_PATHS = NO;
				CLANG_ANALYZER_NONNULL = YES;
				CLANG_ANALYZER_NUMBER_OBJECT_CONVERSION = YES_AGGRESSIVE;
				CLANG_CXX_LANGUAGE_STANDARD = "gnu++17";
				CLANG_CXX_LIBRARY = "libc++";
				CLANG_ENABLE_MODULES = YES;
				CLANG_ENABLE_OBJC_ARC = YES;
				CLANG_ENABLE_OBJC_WEAK = YES;
				CLANG_WARN_BLOCK_CAPTURE_AUTORELEASING = YES;
				CLANG_WARN_BOOL_CONVERSION = YES;
				CLANG_WARN_COMMA = YES;
				CLANG_WARN_CONSTANT_CONVERSION = YES;
				CLANG_WARN_DEPRECATED_OBJC_IMPLEMENTATIONS = YES;
				CLANG_WARN_DIRECT_OBJC_ISA_USAGE = YES_ERROR;
				CLANG_WARN_DOCUMENTATION_COMMENTS = YES;
				CLANG_WARN_EMPTY_BODY = YES;
				CLANG_WARN_ENUM_CONVERSION = YES;
				CLANG_WARN_INFINITE_RECURSION = YES;
				CLANG_WARN_INT_CONVERSION = YES;
				CLANG_WARN_NON_LITERAL_NULL_CONVERSION = YES;
				CLANG_WARN_OBJC_IMPLICIT_RETAIN_SELF = YES;
				CLANG_WARN_OBJC_LITERAL_CONVERSION = YES;
				CLANG_WARN_OBJC_ROOT_CLASS = YES_ERROR;
				CLANG_WARN_QUOTED_INCLUDE_IN_FRAMEWORK_HEADER = YES;
				CLANG_WARN_RANGE_LOOP_ANALYSIS = YES;
				CLANG_WARN_STRICT_PROTOTYPES = YES;
				CLANG_WARN_SUSPICIOUS_MOVE = YES;
				CLANG_WARN_UNGUARDED_AVAILABILITY = YES_AGGRESSIVE;
				CLANG_WARN_UNREACHABLE_CODE = YES;
				CLANG_WARN__DUPLICATE_METHOD_MATCH = YES;
				COPY_PHASE_STRIP = NO;
				DEBUG_INFORMATION_FORMAT = dwarf;
				ENABLE_STRICT_OBJC_MSGSEND = YES;
				ENABLE_TESTABILITY = YES;
				GCC_C_LANGUAGE_STANDARD = gnu11;
				GCC_DYNAMIC_NO_PIC = NO;
				GCC_NO_COMMON_BLOCKS = YES;
				GCC_OPTIMIZATION_LEVEL = 0;
				GCC_PREPROCESSOR_DEFINITIONS = (
					"DEBUG=1",
					"$(inherited)",
				);
				GCC_WARN_64_TO_32_BIT_CONVERSION = YES;
				GCC_WARN_ABOUT_RETURN_TYPE = YES_ERROR;
				GCC_WARN_UNDECLARED_SELECTOR = YES;
				GCC_WARN_UNINITIALIZED_AUTOS = YES_AGGRESSIVE;
				GCC_WARN_UNUSED_FUNCTION = YES;
				GCC_WARN_UNUSED_VARIABLE = YES;
				IPHONEOS_DEPLOYMENT_TARGET = 15.2;
				MTL_ENABLE_DEBUG_INFO = INCLUDE_SOURCE;
				MTL_FAST_MATH = YES;
				ONLY_ACTIVE_ARCH = YES;
				SDKROOT = iphoneos;
				SWIFT_ACTIVE_COMPILATION_CONDITIONS = DEBUG;
				SWIFT_OPTIMIZATION_LEVEL = "-Onone";
			};
			name = Debug;
		};
		ACDDF504283619CE00D8B2F0 /* Release */ = {
			isa = XCBuildConfiguration;
			buildSettings = {
				ALWAYS_SEARCH_USER_PATHS = NO;
				CLANG_ANALYZER_NONNULL = YES;
				CLANG_ANALYZER_NUMBER_OBJECT_CONVERSION = YES_AGGRESSIVE;
				CLANG_CXX_LANGUAGE_STANDARD = "gnu++17";
				CLANG_CXX_LIBRARY = "libc++";
				CLANG_ENABLE_MODULES = YES;
				CLANG_ENABLE_OBJC_ARC = YES;
				CLANG_ENABLE_OBJC_WEAK = YES;
				CLANG_WARN_BLOCK_CAPTURE_AUTORELEASING = YES;
				CLANG_WARN_BOOL_CONVERSION = YES;
				CLANG_WARN_COMMA = YES;
				CLANG_WARN_CONSTANT_CONVERSION = YES;
				CLANG_WARN_DEPRECATED_OBJC_IMPLEMENTATIONS = YES;
				CLANG_WARN_DIRECT_OBJC_ISA_USAGE = YES_ERROR;
				CLANG_WARN_DOCUMENTATION_COMMENTS = YES;
				CLANG_WARN_EMPTY_BODY = YES;
				CLANG_WARN_ENUM_CONVERSION = YES;
				CLANG_WARN_INFINITE_RECURSION = YES;
				CLANG_WARN_INT_CONVERSION = YES;
				CLANG_WARN_NON_LITERAL_NULL_CONVERSION = YES;
				CLANG_WARN_OBJC_IMPLICIT_RETAIN_SELF = YES;
				CLANG_WARN_OBJC_LITERAL_CONVERSION = YES;
				CLANG_WARN_OBJC_ROOT_CLASS = YES_ERROR;
				CLANG_WARN_QUOTED_INCLUDE_IN_FRAMEWORK_HEADER = YES;
				CLANG_WARN_RANGE_LOOP_ANALYSIS = YES;
				CLANG_WARN_STRICT_PROTOTYPES = YES;
				CLANG_WARN_SUSPICIOUS_MOVE = YES;
				CLANG_WARN_UNGUARDED_AVAILABILITY = YES_AGGRESSIVE;
				CLANG_WARN_UNREACHABLE_CODE = YES;
				CLANG_WARN__DUPLICATE_METHOD_MATCH = YES;
				COPY_PHASE_STRIP = NO;
				DEBUG_INFORMATION_FORMAT = "dwarf-with-dsym";
				ENABLE_NS_ASSERTIONS = NO;
				ENABLE_STRICT_OBJC_MSGSEND = YES;
				GCC_C_LANGUAGE_STANDARD = gnu11;
				GCC_NO_COMMON_BLOCKS = YES;
				GCC_WARN_64_TO_32_BIT_CONVERSION = YES;
				GCC_WARN_ABOUT_RETURN_TYPE = YES_ERROR;
				GCC_WARN_UNDECLARED_SELECTOR = YES;
				GCC_WARN_UNINITIALIZED_AUTOS = YES_AGGRESSIVE;
				GCC_WARN_UNUSED_FUNCTION = YES;
				GCC_WARN_UNUSED_VARIABLE = YES;
				IPHONEOS_DEPLOYMENT_TARGET = 15.2;
				MTL_ENABLE_DEBUG_INFO = NO;
				MTL_FAST_MATH = YES;
				SDKROOT = iphoneos;
				SWIFT_COMPILATION_MODE = wholemodule;
				SWIFT_OPTIMIZATION_LEVEL = "-O";
				VALIDATE_PRODUCT = YES;
			};
			name = Release;
		};
		ACDDF506283619CE00D8B2F0 /* Debug */ = {
			isa = XCBuildConfiguration;
			buildSettings = {
				ASSETCATALOG_COMPILER_APPICON_NAME = AppIcon;
				ASSETCATALOG_COMPILER_GLOBAL_ACCENT_COLOR_NAME = AccentColor;
				CODE_SIGN_STYLE = Automatic;
				CURRENT_PROJECT_VERSION = 1;
				GENERATE_INFOPLIST_FILE = YES;
				INFOPLIST_FILE = Weather/Info.plist;
				INFOPLIST_KEY_UIApplicationSupportsIndirectInputEvents = YES;
				INFOPLIST_KEY_UILaunchStoryboardName = LaunchScreen;
				INFOPLIST_KEY_UIMainStoryboardFile = Main;
				INFOPLIST_KEY_UISupportedInterfaceOrientations_iPad = "UIInterfaceOrientationPortrait UIInterfaceOrientationPortraitUpsideDown UIInterfaceOrientationLandscapeLeft UIInterfaceOrientationLandscapeRight";
				INFOPLIST_KEY_UISupportedInterfaceOrientations_iPhone = "UIInterfaceOrientationPortrait UIInterfaceOrientationLandscapeLeft UIInterfaceOrientationLandscapeRight";
				LD_RUNPATH_SEARCH_PATHS = (
					"$(inherited)",
					"@executable_path/Frameworks",
				);
				MARKETING_VERSION = 1.0;
				PRODUCT_BUNDLE_IDENTIFIER = yakse.Weather;
				PRODUCT_NAME = "$(TARGET_NAME)";
				SWIFT_EMIT_LOC_STRINGS = YES;
				SWIFT_VERSION = 5.0;
				TARGETED_DEVICE_FAMILY = "1,2";
			};
			name = Debug;
		};
		ACDDF507283619CE00D8B2F0 /* Release */ = {
			isa = XCBuildConfiguration;
			buildSettings = {
				ASSETCATALOG_COMPILER_APPICON_NAME = AppIcon;
				ASSETCATALOG_COMPILER_GLOBAL_ACCENT_COLOR_NAME = AccentColor;
				CODE_SIGN_STYLE = Automatic;
				CURRENT_PROJECT_VERSION = 1;
				GENERATE_INFOPLIST_FILE = YES;
				INFOPLIST_FILE = Weather/Info.plist;
				INFOPLIST_KEY_UIApplicationSupportsIndirectInputEvents = YES;
				INFOPLIST_KEY_UILaunchStoryboardName = LaunchScreen;
				INFOPLIST_KEY_UIMainStoryboardFile = Main;
				INFOPLIST_KEY_UISupportedInterfaceOrientations_iPad = "UIInterfaceOrientationPortrait UIInterfaceOrientationPortraitUpsideDown UIInterfaceOrientationLandscapeLeft UIInterfaceOrientationLandscapeRight";
				INFOPLIST_KEY_UISupportedInterfaceOrientations_iPhone = "UIInterfaceOrientationPortrait UIInterfaceOrientationLandscapeLeft UIInterfaceOrientationLandscapeRight";
				LD_RUNPATH_SEARCH_PATHS = (
					"$(inherited)",
					"@executable_path/Frameworks",
				);
				MARKETING_VERSION = 1.0;
				PRODUCT_BUNDLE_IDENTIFIER = yakse.Weather;
				PRODUCT_NAME = "$(TARGET_NAME)";
				SWIFT_EMIT_LOC_STRINGS = YES;
				SWIFT_VERSION = 5.0;
				TARGETED_DEVICE_FAMILY = "1,2";
			};
			name = Release;
		};
		ACDDF509283619CE00D8B2F0 /* Debug */ = {
			isa = XCBuildConfiguration;
			buildSettings = {
				ALWAYS_EMBED_SWIFT_STANDARD_LIBRARIES = YES;
				BUNDLE_LOADER = "$(TEST_HOST)";
				CODE_SIGN_STYLE = Automatic;
				CURRENT_PROJECT_VERSION = 1;
				GENERATE_INFOPLIST_FILE = YES;
				IPHONEOS_DEPLOYMENT_TARGET = 15.2;
				MARKETING_VERSION = 1.0;
				PRODUCT_BUNDLE_IDENTIFIER = yakse.WeatherTests;
				PRODUCT_NAME = "$(TARGET_NAME)";
				SWIFT_EMIT_LOC_STRINGS = NO;
				SWIFT_VERSION = 5.0;
				TARGETED_DEVICE_FAMILY = "1,2";
				TEST_HOST = "$(BUILT_PRODUCTS_DIR)/Weather.app/Weather";
			};
			name = Debug;
		};
		ACDDF50A283619CE00D8B2F0 /* Release */ = {
			isa = XCBuildConfiguration;
			buildSettings = {
				ALWAYS_EMBED_SWIFT_STANDARD_LIBRARIES = YES;
				BUNDLE_LOADER = "$(TEST_HOST)";
				CODE_SIGN_STYLE = Automatic;
				CURRENT_PROJECT_VERSION = 1;
				GENERATE_INFOPLIST_FILE = YES;
				IPHONEOS_DEPLOYMENT_TARGET = 15.2;
				MARKETING_VERSION = 1.0;
				PRODUCT_BUNDLE_IDENTIFIER = yakse.WeatherTests;
				PRODUCT_NAME = "$(TARGET_NAME)";
				SWIFT_EMIT_LOC_STRINGS = NO;
				SWIFT_VERSION = 5.0;
				TARGETED_DEVICE_FAMILY = "1,2";
				TEST_HOST = "$(BUILT_PRODUCTS_DIR)/Weather.app/Weather";
			};
			name = Release;
		};
		ACDDF50C283619CE00D8B2F0 /* Debug */ = {
			isa = XCBuildConfiguration;
			buildSettings = {
				ALWAYS_EMBED_SWIFT_STANDARD_LIBRARIES = YES;
				CODE_SIGN_STYLE = Automatic;
				CURRENT_PROJECT_VERSION = 1;
				GENERATE_INFOPLIST_FILE = YES;
				MARKETING_VERSION = 1.0;
				PRODUCT_BUNDLE_IDENTIFIER = yakse.WeatherUITests;
				PRODUCT_NAME = "$(TARGET_NAME)";
				SWIFT_EMIT_LOC_STRINGS = NO;
				SWIFT_VERSION = 5.0;
				TARGETED_DEVICE_FAMILY = "1,2";
				TEST_TARGET_NAME = Weather;
			};
			name = Debug;
		};
		ACDDF50D283619CE00D8B2F0 /* Release */ = {
			isa = XCBuildConfiguration;
			buildSettings = {
				ALWAYS_EMBED_SWIFT_STANDARD_LIBRARIES = YES;
				CODE_SIGN_STYLE = Automatic;
				CURRENT_PROJECT_VERSION = 1;
				GENERATE_INFOPLIST_FILE = YES;
				MARKETING_VERSION = 1.0;
				PRODUCT_BUNDLE_IDENTIFIER = yakse.WeatherUITests;
				PRODUCT_NAME = "$(TARGET_NAME)";
				SWIFT_EMIT_LOC_STRINGS = NO;
				SWIFT_VERSION = 5.0;
				TARGETED_DEVICE_FAMILY = "1,2";
				TEST_TARGET_NAME = Weather;
			};
			name = Release;
		};
/* End XCBuildConfiguration section */

/* Begin XCConfigurationList section */
		ACDDF4D6283619CC00D8B2F0 /* Build configuration list for PBXProject "Weather" */ = {
			isa = XCConfigurationList;
			buildConfigurations = (
				ACDDF503283619CE00D8B2F0 /* Debug */,
				ACDDF504283619CE00D8B2F0 /* Release */,
			);
			defaultConfigurationIsVisible = 0;
			defaultConfigurationName = Release;
		};
		ACDDF505283619CE00D8B2F0 /* Build configuration list for PBXNativeTarget "Weather" */ = {
			isa = XCConfigurationList;
			buildConfigurations = (
				ACDDF506283619CE00D8B2F0 /* Debug */,
				ACDDF507283619CE00D8B2F0 /* Release */,
			);
			defaultConfigurationIsVisible = 0;
			defaultConfigurationName = Release;
		};
		ACDDF508283619CE00D8B2F0 /* Build configuration list for PBXNativeTarget "WeatherTests" */ = {
			isa = XCConfigurationList;
			buildConfigurations = (
				ACDDF509283619CE00D8B2F0 /* Debug */,
				ACDDF50A283619CE00D8B2F0 /* Release */,
			);
			defaultConfigurationIsVisible = 0;
			defaultConfigurationName = Release;
		};
		ACDDF50B283619CE00D8B2F0 /* Build configuration list for PBXNativeTarget "WeatherUITests" */ = {
			isa = XCConfigurationList;
			buildConfigurations = (
				ACDDF50C283619CE00D8B2F0 /* Debug */,
				ACDDF50D283619CE00D8B2F0 /* Release */,
			);
			defaultConfigurationIsVisible = 0;
			defaultConfigurationName = Release;
		};
/* End XCConfigurationList section */
	};
	rootObject = ACDDF4D3283619CC00D8B2F0 /* Project object */;
}
